
Microsoft Visual Studio Solution File, Format Version 12.00
# Visual Studio Version 17
VisualStudioVersion = 17.4.33205.214
MinimumVisualStudioVersion = 10.0.40219.1
Project("{FAE04EC0-301F-11D3-BF4B-00C04F79EFBC}") = "job_seek.Server", "job_seek\Server\job_seek.Server.csproj", "{F66E8D48-5645-4D53-9A88-883C06BAB185}"
EndProject
Project("{FAE04EC0-301F-11D3-BF4B-00C04F79EFBC}") = "job_seek.Client", "job_seek\Client\job_seek.Client.csproj", "{30D9EF3E-B3B6-4B58-B081-9083B9C785FC}"
EndProject
Project("{FAE04EC0-301F-11D3-BF4B-00C04F79EFBC}") = "job_seek.Shared", "job_seek\Shared\job_seek.Shared.csproj", "{4AA9AE18-1A79-4153-B717-906205B8C6B1}"
EndProject
Global
	GlobalSection(SolutionConfigurationPlatforms) = preSolution
		Debug|Any CPU = Debug|Any CPU
		Release|Any CPU = Release|Any CPU
	EndGlobalSection
	GlobalSection(ProjectConfigurationPlatforms) = postSolution
		{F66E8D48-5645-4D53-9A88-883C06BAB185}.Debug|Any CPU.ActiveCfg = Debug|Any CPU
		{F66E8D48-5645-4D53-9A88-883C06BAB185}.Debug|Any CPU.Build.0 = Debug|Any CPU
		{F66E8D48-5645-4D53-9A88-883C06BAB185}.Release|Any CPU.ActiveCfg = Release|Any CPU
		{F66E8D48-5645-4D53-9A88-883C06BAB185}.Release|Any CPU.Build.0 = Release|Any CPU
		{30D9EF3E-B3B6-4B58-B081-9083B9C785FC}.Debug|Any CPU.ActiveCfg = Debug|Any CPU
		{30D9EF3E-B3B6-4B58-B081-9083B9C785FC}.Debug|Any CPU.Build.0 = Debug|Any CPU
		{30D9EF3E-B3B6-4B58-B081-9083B9C785FC}.Release|Any CPU.ActiveCfg = Release|Any CPU
		{30D9EF3E-B3B6-4B58-B081-9083B9C785FC}.Release|Any CPU.Build.0 = Release|Any CPU
		{4AA9AE18-1A79-4153-B717-906205B8C6B1}.Debug|Any CPU.ActiveCfg = Debug|Any CPU
		{4AA9AE18-1A79-4153-B717-906205B8C6B1}.Debug|Any CPU.Build.0 = Debug|Any CPU
		{4AA9AE18-1A79-4153-B717-906205B8C6B1}.Release|Any CPU.ActiveCfg = Release|Any CPU
		{4AA9AE18-1A79-4153-B717-906205B8C6B1}.Release|Any CPU.Build.0 = Release|Any CPU
	EndGlobalSection
	GlobalSection(SolutionProperties) = preSolution
		HideSolutionNode = FALSE
	EndGlobalSection
	GlobalSection(ExtensibilityGlobals) = postSolution
		SolutionGuid = {9F930F60-1777-443C-9639-8C847D0667F5}
	EndGlobalSection
EndGlobal
